
Microsoft Visual Studio Solution File, Format Version 12.00
# Visual Studio Version 17
VisualStudioVersion = 17.3.32901.215
MinimumVisualStudioVersion = 10.0.40219.1
Project("{FAE04EC0-301F-11D3-BF4B-00C04F79EFBC}") = "BlazorAuthentication", "BlazorAuthentication\BlazorAuthentication.csproj", "{AA9EC265-D228-47BF-B193-CC0C1AEAB2EA}"
EndProject
Global
	GlobalSection(SolutionConfigurationPlatforms) = preSolution
		Debug|Any CPU = Debug|Any CPU
		Release|Any CPU = Release|Any CPU
	EndGlobalSection
	GlobalSection(ProjectConfigurationPlatforms) = postSolution
		{AA9EC265-D228-47BF-B193-CC0C1AEAB2EA}.Debug|Any CPU.ActiveCfg = Debug|Any CPU
		{AA9EC265-D228-47BF-B193-CC0C1AEAB2EA}.Debug|Any CPU.Build.0 = Debug|Any CPU
		{AA9EC265-D228-47BF-B193-CC0C1AEAB2EA}.Release|Any CPU.ActiveCfg = Release|Any CPU
		{AA9EC265-D228-47BF-B193-CC0C1AEAB2EA}.Release|Any CPU.Build.0 = Release|Any CPU
	EndGlobalSection
	GlobalSection(SolutionProperties) = preSolution
		HideSolutionNode = FALSE
	EndGlobalSection
	GlobalSection(ExtensibilityGlobals) = postSolution
		SolutionGuid = {C15B3140-D42A-451E-8DF2-03766C4468D2}
	EndGlobalSection
EndGlobal
